// !$*UTF8*$!
{
	archiveVersion = 1;
	classes = {
	};
	objectVersion = 46;
	objects = {

/* Begin PBXBuildFile section */
		67DE56FC1CDD6C02001F198A /* AppDelegate.swift in Sources */ = {isa = PBXBuildFile; fileRef = 67DE56FB1CDD6C02001F198A /* AppDelegate.swift */; };
		67DE56FE1CDD6C02001F198A /* ViewController.swift in Sources */ = {isa = PBXBuildFile; fileRef = 67DE56FD1CDD6C02001F198A /* ViewController.swift */; };
		67DE57011CDD6C02001F198A /* Main.storyboard in Resources */ = {isa = PBXBuildFile; fileRef = 67DE56FF1CDD6C02001F198A /* Main.storyboard */; };
		67DE57031CDD6C02001F198A /* Assets.xcassets in Resources */ = {isa = PBXBuildFile; fileRef = 67DE57021CDD6C02001F198A /* Assets.xcassets */; };
		67DE57061CDD6C02001F198A /* LaunchScreen.storyboard in Resources */ = {isa = PBXBuildFile; fileRef = 67DE57041CDD6C02001F198A /* LaunchScreen.storyboard */; };
		67DE57111CDD6C02001F198A /* Quiz2Tests.swift in Sources */ = {isa = PBXBuildFile; fileRef = 67DE57101CDD6C02001F198A /* Quiz2Tests.swift */; };
		67DE571C1CDD6C02001F198A /* Quiz2UITests.swift in Sources */ = {isa = PBXBuildFile; fileRef = 67DE571B1CDD6C02001F198A /* Quiz2UITests.swift */; };
/* End PBXBuildFile section */

/* Begin PBXContainerItemProxy section */
		67DE570D1CDD6C02001F198A /* PBXContainerItemProxy */ = {
			isa = PBXContainerItemProxy;
			containerPortal = 67DE56F01CDD6C02001F198A /* Project object */;
			proxyType = 1;
			remoteGlobalIDString = 67DE56F71CDD6C02001F198A;
			remoteInfo = Quiz2;
		};
		67DE57181CDD6C02001F198A /* PBXContainerItemProxy */ = {
			isa = PBXContainerItemProxy;
			containerPortal = 67DE56F01CDD6C02001F198A /* Project object */;
			proxyType = 1;
			remoteGlobalIDString = 67DE56F71CDD6C02001F198A;
			remoteInfo = Quiz2;
		};
/* End PBXContainerItemProxy section */

/* Begin PBXFileReference section */
		67DE56F81CDD6C02001F198A /* Quiz2.app */ = {isa = PBXFileReference; explicitFileType = wrapper.application; includeInIndex = 0; path = Quiz2.app; sourceTree = BUILT_PRODUCTS_DIR; };
		67DE56FB1CDD6C02001F198A /* AppDelegate.swift */ = {isa = PBXFileReference; lastKnownFileType = sourcecode.swift; path = AppDelegate.swift; sourceTree = "<group>"; };
		67DE56FD1CDD6C02001F198A /* ViewController.swift */ = {isa = PBXFileReference; lastKnownFileType = sourcecode.swift; path = ViewController.swift; sourceTree = "<group>"; };
		67DE57001CDD6C02001F198A /* Base */ = {isa = PBXFileReference; lastKnownFileType = file.storyboard; name = Base; path = Base.lproj/Main.storyboard; sourceTree = "<group>"; };
		67DE57021CDD6C02001F198A /* Assets.xcassets */ = {isa = PBXFileReference; lastKnownFileType = folder.assetcatalog; path = Assets.xcassets; sourceTree = "<group>"; };
		67DE57051CDD6C02001F198A /* Base */ = {isa = PBXFileReference; lastKnownFileType = file.storyboard; name = Base; path = Base.lproj/LaunchScreen.storyboard; sourceTree = "<group>"; };
		67DE57071CDD6C02001F198A /* Info.plist */ = {isa = PBXFileReference; lastKnownFileType = text.plist.xml; path = Info.plist; sourceTree = "<group>"; };
		67DE570C1CDD6C02001F198A /* Quiz2Tests.xctest */ = {isa = PBXFileReference; explicitFileType = wrapper.cfbundle; includeInIndex = 0; path = Quiz2Tests.xctest; sourceTree = BUILT_PRODUCTS_DIR; };
		67DE57101CDD6C02001F198A /* Quiz2Tests.swift */ = {isa = PBXFileReference; lastKnownFileType = sourcecode.swift; path = Quiz2Tests.swift; sourceTree = "<group>"; };
		67DE57121CDD6C02001F198A /* Info.plist */ = {isa = PBXFileReference; lastKnownFileType = text.plist.xml; path = Info.plist; sourceTree = "<group>"; };
		67DE57171CDD6C02001F198A /* Quiz2UITests.xctest */ = {isa = PBXFileReference; explicitFileType = wrapper.cfbundle; includeInIndex = 0; path = Quiz2UITests.xctest; sourceTree = BUILT_PRODUCTS_DIR; };
		67DE571B1CDD6C02001F198A /* Quiz2UITests.swift */ = {isa = PBXFileReference; lastKnownFileType = sourcecode.swift; path = Quiz2UITests.swift; sourceTree = "<group>"; };
		67DE571D1CDD6C02001F198A /* Info.plist */ = {isa = PBXFileReference; lastKnownFileType = text.plist.xml; path = Info.plist; sourceTree = "<group>"; };
/* End PBXFileReference section */

/* Begin PBXFrameworksBuildPhase section */
		67DE56F51CDD6C02001F198A /* Frameworks */ = {
			isa = PBXFrameworksBuildPhase;
			buildActionMask = 2147483647;
			files = (
			);
			runOnlyForDeploymentPostprocessing = 0;
		};
		67DE57091CDD6C02001F198A /* Frameworks */ = {
			isa = PBXFrameworksBuildPhase;
			buildActionMask = 2147483647;
			files = (
			);
			runOnlyForDeploymentPostprocessing = 0;
		};
		67DE57141CDD6C02001F198A /* Frameworks */ = {
			isa = PBXFrameworksBuildPhase;
			buildActionMask = 2147483647;
			files = (
			);
			runOnlyForDeploymentPostprocessing = 0;
		};
/* End PBXFrameworksBuildPhase section */

/* Begin PBXGroup section */
		67DE56EF1CDD6C02001F198A = {
			isa = PBXGroup;
			children = (
				67DE56FA1CDD6C02001F198A /* Quiz2 */,
				67DE570F1CDD6C02001F198A /* Quiz2Tests */,
				67DE571A1CDD6C02001F198A /* Quiz2UITests */,
				67DE56F91CDD6C02001F198A /* Products */,
			);
			sourceTree = "<group>";
		};
		67DE56F91CDD6C02001F198A /* Products */ = {
			isa = PBXGroup;
			children = (
				67DE56F81CDD6C02001F198A /* Quiz2.app */,
				67DE570C1CDD6C02001F198A /* Quiz2Tests.xctest */,
				67DE57171CDD6C02001F198A /* Quiz2UITests.xctest */,
			);
			name = Products;
			sourceTree = "<group>";
		};
		67DE56FA1CDD6C02001F198A /* Quiz2 */ = {
			isa = PBXGroup;
			children = (
				67DE56FB1CDD6C02001F198A /* AppDelegate.swift */,
				67DE56FD1CDD6C02001F198A /* ViewController.swift */,
				67DE56FF1CDD6C02001F198A /* Main.storyboard */,
				67DE57021CDD6C02001F198A /* Assets.xcassets */,
				67DE57041CDD6C02001F198A /* LaunchScreen.storyboard */,
				67DE57071CDD6C02001F198A /* Info.plist */,
			);
			path = Quiz2;
			sourceTree = "<group>";
		};
		67DE570F1CDD6C02001F198A /* Quiz2Tests */ = {
			isa = PBXGroup;
			children = (
				67DE57101CDD6C02001F198A /* Quiz2Tests.swift */,
				67DE57121CDD6C02001F198A /* Info.plist */,
			);
			path = Quiz2Tests;
			sourceTree = "<group>";
		};
		67DE571A1CDD6C02001F198A /* Quiz2UITests */ = {
			isa = PBXGroup;
			children = (
				67DE571B1CDD6C02001F198A /* Quiz2UITests.swift */,
				67DE571D1CDD6C02001F198A /* Info.plist */,
			);
			path = Quiz2UITests;
			sourceTree = "<group>";
		};
/* End PBXGroup section */

/* Begin PBXNativeTarget section */
		67DE56F71CDD6C02001F198A /* Quiz2 */ = {
			isa = PBXNativeTarget;
			buildConfigurationList = 67DE57201CDD6C02001F198A /* Build configuration list for PBXNativeTarget "Quiz2" */;
			buildPhases = (
				67DE56F41CDD6C02001F198A /* Sources */,
				67DE56F51CDD6C02001F198A /* Frameworks */,
				67DE56F61CDD6C02001F198A /* Resources */,
			);
			buildRules = (
			);
			dependencies = (
			);
			name = Quiz2;
			productName = Quiz2;
			productReference = 67DE56F81CDD6C02001F198A /* Quiz2.app */;
			productType = "com.apple.product-type.application";
		};
		67DE570B1CDD6C02001F198A /* Quiz2Tests */ = {
			isa = PBXNativeTarget;
			buildConfigurationList = 67DE57231CDD6C02001F198A /* Build configuration list for PBXNativeTarget "Quiz2Tests" */;
			buildPhases = (
				67DE57081CDD6C02001F198A /* Sources */,
				67DE57091CDD6C02001F198A /* Frameworks */,
				67DE570A1CDD6C02001F198A /* Resources */,
			);
			buildRules = (
			);
			dependencies = (
				67DE570E1CDD6C02001F198A /* PBXTargetDependency */,
			);
			name = Quiz2Tests;
			productName = Quiz2Tests;
			productReference = 67DE570C1CDD6C02001F198A /* Quiz2Tests.xctest */;
			productType = "com.apple.product-type.bundle.unit-test";
		};
		67DE57161CDD6C02001F198A /* Quiz2UITests */ = {
			isa = PBXNativeTarget;
			buildConfigurationList = 67DE57261CDD6C02001F198A /* Build configuration list for PBXNativeTarget "Quiz2UITests" */;
			buildPhases = (
				67DE57131CDD6C02001F198A /* Sources */,
				67DE57141CDD6C02001F198A /* Frameworks */,
				67DE57151CDD6C02001F198A /* Resources */,
			);
			buildRules = (
			);
			dependencies = (
				67DE57191CDD6C02001F198A /* PBXTargetDependency */,
			);
			name = Quiz2UITests;
			productName = Quiz2UITests;
			productReference = 67DE57171CDD6C02001F198A /* Quiz2UITests.xctest */;
			productType = "com.apple.product-type.bundle.ui-testing";
		};
/* End PBXNativeTarget section */

/* Begin PBXProject section */
		67DE56F01CDD6C02001F198A /* Project object */ = {
			isa = PBXProject;
			attributes = {
				LastSwiftUpdateCheck = 0730;
				LastUpgradeCheck = 0730;
				ORGANIZATIONNAME = FurukawaSoichi;
				TargetAttributes = {
					67DE56F71CDD6C02001F198A = {
						CreatedOnToolsVersion = 7.3.1;
					};
					67DE570B1CDD6C02001F198A = {
						CreatedOnToolsVersion = 7.3.1;
						TestTargetID = 67DE56F71CDD6C02001F198A;
					};
					67DE57161CDD6C02001F198A = {
						CreatedOnToolsVersion = 7.3.1;
						TestTargetID = 67DE56F71CDD6C02001F198A;
					};
				};
			};
			buildConfigurationList = 67DE56F31CDD6C02001F198A /* Build configuration list for PBXProject "Quiz2" */;
			compatibilityVersion = "Xcode 3.2";
			developmentRegion = English;
			hasScannedForEncodings = 0;
			knownRegions = (
				en,
				Base,
			);
			mainGroup = 67DE56EF1CDD6C02001F198A;
			productRefGroup = 67DE56F91CDD6C02001F198A /* Products */;
			projectDirPath = "";
			projectRoot = "";
			targets = (
				67DE56F71CDD6C02001F198A /* Quiz2 */,
				67DE570B1CDD6C02001F198A /* Quiz2Tests */,
				67DE57161CDD6C02001F198A /* Quiz2UITests */,
			);
		};
/* End PBXProject section */

/* Begin PBXResourcesBuildPhase section */
		67DE56F61CDD6C02001F198A /* Resources */ = {
			isa = PBXResourcesBuildPhase;
			buildActionMask = 2147483647;
			files = (
				67DE57061CDD6C02001F198A /* LaunchScreen.storyboard in Resources */,
				67DE57031CDD6C02001F198A /* Assets.xcassets in Resources */,
				67DE57011CDD6C02001F198A /* Main.storyboard in Resources */,
			);
			runOnlyForDeploymentPostprocessing = 0;
		};
		67DE570A1CDD6C02001F198A /* Resources */ = {
			isa = PBXResourcesBuildPhase;
			buildActionMask = 2147483647;
			files = (
			);
			runOnlyForDeploymentPostprocessing = 0;
		};
		67DE57151CDD6C02001F198A /* Resources */ = {
			isa = PBXResourcesBuildPhase;
			buildActionMask = 2147483647;
			files = (
			);
			runOnlyForDeploymentPostprocessing = 0;
		};
/* End PBXResourcesBuildPhase section */

/* Begin PBXSourcesBuildPhase section */
		67DE56F41CDD6C02001F198A /* Sources */ = {
			isa = PBXSourcesBuildPhase;
			buildActionMask = 2147483647;
			files = (
				67DE56FE1CDD6C02001F198A /* ViewController.swift in Sources */,
				67DE56FC1CDD6C02001F198A /* AppDelegate.swift in Sources */,
			);
			runOnlyForDeploymentPostprocessing = 0;
		};
		67DE57081CDD6C02001F198A /* Sources */ = {
			isa = PBXSourcesBuildPhase;
			buildActionMask = 2147483647;
			files = (
				67DE57111CDD6C02001F198A /* Quiz2Tests.swift in Sources */,
			);
			runOnlyForDeploymentPostprocessing = 0;
		};
		67DE57131CDD6C02001F198A /* Sources */ = {
			isa = PBXSourcesBuildPhase;
			buildActionMask = 2147483647;
			files = (
				67DE571C1CDD6C02001F198A /* Quiz2UITests.swift in Sources */,
			);
			runOnlyForDeploymentPostprocessing = 0;
		};
/* End PBXSourcesBuildPhase section */

/* Begin PBXTargetDependency section */
		67DE570E1CDD6C02001F198A /* PBXTargetDependency */ = {
			isa = PBXTargetDependency;
			target = 67DE56F71CDD6C02001F198A /* Quiz2 */;
			targetProxy = 67DE570D1CDD6C02001F198A /* PBXContainerItemProxy */;
		};
		67DE57191CDD6C02001F198A /* PBXTargetDependency */ = {
			isa = PBXTargetDependency;
			target = 67DE56F71CDD6C02001F198A /* Quiz2 */;
			targetProxy = 67DE57181CDD6C02001F198A /* PBXContainerItemProxy */;
		};
/* End PBXTargetDependency section */

/* Begin PBXVariantGroup section */
		67DE56FF1CDD6C02001F198A /* Main.storyboard */ = {
			isa = PBXVariantGroup;
			children = (
				67DE57001CDD6C02001F198A /* Base */,
			);
			name = Main.storyboard;
			sourceTree = "<group>";
		};
		67DE57041CDD6C02001F198A /* LaunchScreen.storyboard */ = {
			isa = PBXVariantGroup;
			children = (
				67DE57051CDD6C02001F198A /* Base */,
			);
			name = LaunchScreen.storyboard;
			sourceTree = "<group>";
		};
/* End PBXVariantGroup section */

/* Begin XCBuildConfiguration section */
		67DE571E1CDD6C02001F198A /* Debug */ = {
			isa = XCBuildConfiguration;
			buildSettings = {
				ALWAYS_SEARCH_USER_PATHS = NO;
				CLANG_ANALYZER_NONNULL = YES;
				CLANG_CXX_LANGUAGE_STANDARD = "gnu++0x";
				CLANG_CXX_LIBRARY = "libc++";
				CLANG_ENABLE_MODULES = YES;
				CLANG_ENABLE_OBJC_ARC = YES;
				CLANG_WARN_BOOL_CONVERSION = YES;
				CLANG_WARN_CONSTANT_CONVERSION = YES;
				CLANG_WARN_DIRECT_OBJC_ISA_USAGE = YES_ERROR;
				CLANG_WARN_EMPTY_BODY = YES;
				CLANG_WARN_ENUM_CONVERSION = YES;
				CLANG_WARN_INT_CONVERSION = YES;
				CLANG_WARN_OBJC_ROOT_CLASS = YES_ERROR;
				CLANG_WARN_UNREACHABLE_CODE = YES;
				CLANG_WARN__DUPLICATE_METHOD_MATCH = YES;
				"CODE_SIGN_IDENTITY[sdk=iphoneos*]" = "iPhone Developer";
				COPY_PHASE_STRIP = NO;
				DEBUG_INFORMATION_FORMAT = dwarf;
				ENABLE_STRICT_OBJC_MSGSEND = YES;
				ENABLE_TESTABILITY = YES;
				GCC_C_LANGUAGE_STANDARD = gnu99;
				GCC_DYNAMIC_NO_PIC = NO;
				GCC_NO_COMMON_BLOCKS = YES;
				GCC_OPTIMIZATION_LEVEL = 0;
				GCC_PREPROCESSOR_DEFINITIONS = (
					"DEBUG=1",
					"$(inherited)",
				);
				GCC_WARN_64_TO_32_BIT_CONVERSION = YES;
				GCC_WARN_ABOUT_RETURN_TYPE = YES_ERROR;
				GCC_WARN_UNDECLARED_SELECTOR = YES;
				GCC_WARN_UNINITIALIZED_AUTOS = YES_AGGRESSIVE;
				GCC_WARN_UNUSED_FUNCTION = YES;
				GCC_WARN_UNUSED_VARIABLE = YES;
				IPHONEOS_DEPLOYMENT_TARGET = 9.3;
				MTL_ENABLE_DEBUG_INFO = YES;
				ONLY_ACTIVE_ARCH = YES;
				SDKROOT = iphoneos;
				SWIFT_OPTIMIZATION_LEVEL = "-Onone";
				TARGETED_DEVICE_FAMILY = "1,2";
			};
			name = Debug;
		};
		67DE571F1CDD6C02001F198A /* Release */ = {
			isa = XCBuildConfiguration;
			buildSettings = {
				ALWAYS_SEARCH_USER_PATHS = NO;
				CLANG_ANALYZER_NONNULL = YES;
				CLANG_CXX_LANGUAGE_STANDARD = "gnu++0x";
				CLANG_CXX_LIBRARY = "libc++";
				CLANG_ENABLE_MODULES = YES;
				CLANG_ENABLE_OBJC_ARC = YES;
				CLANG_WARN_BOOL_CONVERSION = YES;
				CLANG_WARN_CONSTANT_CONVERSION = YES;
				CLANG_WARN_DIRECT_OBJC_ISA_USAGE = YES_ERROR;
				CLANG_WARN_EMPTY_BODY = YES;
				CLANG_WARN_ENUM_CONVERSION = YES;
				CLANG_WARN_INT_CONVERSION = YES;
				CLANG_WARN_OBJC_ROOT_CLASS = YES_ERROR;
				CLANG_WARN_UNREACHABLE_CODE = YES;
				CLANG_WARN__DUPLICATE_METHOD_MATCH = YES;
				"CODE_SIGN_IDENTITY[sdk=iphoneos*]" = "iPhone Developer";
				COPY_PHASE_STRIP = NO;
				DEBUG_INFORMATION_FORMAT = "dwarf-with-dsym";
				ENABLE_NS_ASSERTIONS = NO;
				ENABLE_STRICT_OBJC_MSGSEND = YES;
				GCC_C_LANGUAGE_STANDARD = gnu99;
				GCC_NO_COMMON_BLOCKS = YES;
				GCC_WARN_64_TO_32_BIT_CONVERSION = YES;
				GCC_WARN_ABOUT_RETURN_TYPE = YES_ERROR;
				GCC_WARN_UNDECLARED_SELECTOR = YES;
				GCC_WARN_UNINITIALIZED_AUTOS = YES_AGGRESSIVE;
				GCC_WARN_UNUSED_FUNCTION = YES;
				GCC_WARN_UNUSED_VARIABLE = YES;
				IPHONEOS_DEPLOYMENT_TARGET = 9.3;
				MTL_ENABLE_DEBUG_INFO = NO;
				SDKROOT = iphoneos;
				TARGETED_DEVICE_FAMILY = "1,2";
				VALIDATE_PRODUCT = YES;
			};
			name = Release;
		};
		67DE57211CDD6C02001F198A /* Debug */ = {
			isa = XCBuildConfiguration;
			buildSettings = {
				ASSETCATALOG_COMPILER_APPICON_NAME = AppIcon;
				INFOPLIST_FILE = Quiz2/Info.plist;
				LD_RUNPATH_SEARCH_PATHS = "$(inherited) @executable_path/Frameworks";
				PRODUCT_BUNDLE_IDENTIFIER = soufuru.Quiz2;
				PRODUCT_NAME = "$(TARGET_NAME)";
			};
			name = Debug;
		};
		67DE57221CDD6C02001F198A /* Release */ = {
			isa = XCBuildConfiguration;
			buildSettings = {
				ASSETCATALOG_COMPILER_APPICON_NAME = AppIcon;
				INFOPLIST_FILE = Quiz2/Info.plist;
				LD_RUNPATH_SEARCH_PATHS = "$(inherited) @executable_path/Frameworks";
				PRODUCT_BUNDLE_IDENTIFIER = soufuru.Quiz2;
				PRODUCT_NAME = "$(TARGET_NAME)";
			};
			name = Release;
		};
		67DE57241CDD6C02001F198A /* Debug */ = {
			isa = XCBuildConfiguration;
			buildSettings = {
				BUNDLE_LOADER = "$(TEST_HOST)";
				INFOPLIST_FILE = Quiz2Tests/Info.plist;
				LD_RUNPATH_SEARCH_PATHS = "$(inherited) @executable_path/Frameworks @loader_path/Frameworks";
				PRODUCT_BUNDLE_IDENTIFIER = soufuru.Quiz2Tests;
				PRODUCT_NAME = "$(TARGET_NAME)";
				TEST_HOST = "$(BUILT_PRODUCTS_DIR)/Quiz2.app/Quiz2";
			};
			name = Debug;
		};
		67DE57251CDD6C02001F198A /* Release */ = {
			isa = XCBuildConfiguration;
			buildSettings = {
				BUNDLE_LOADER = "$(TEST_HOST)";
				INFOPLIST_FILE = Quiz2Tests/Info.plist;
				LD_RUNPATH_SEARCH_PATHS = "$(inherited) @executable_path/Frameworks @loader_path/Frameworks";
				PRODUCT_BUNDLE_IDENTIFIER = soufuru.Quiz2Tests;
				PRODUCT_NAME = "$(TARGET_NAME)";
				TEST_HOST = "$(BUILT_PRODUCTS_DIR)/Quiz2.app/Quiz2";
			};
			name = Release;
		};
		67DE57271CDD6C02001F198A /* Debug */ = {
			isa = XCBuildConfiguration;
			buildSettings = {
				INFOPLIST_FILE = Quiz2UITests/Info.plist;
				LD_RUNPATH_SEARCH_PATHS = "$(inherited) @executable_path/Frameworks @loader_path/Frameworks";
				PRODUCT_BUNDLE_IDENTIFIER = soufuru.Quiz2UITests;
				PRODUCT_NAME = "$(TARGET_NAME)";
				TEST_TARGET_NAME = Quiz2;
			};
			name = Debug;
		};
		67DE57281CDD6C02001F198A /* Release */ = {
			isa = XCBuildConfiguration;
			buildSettings = {
				INFOPLIST_FILE = Quiz2UITests/Info.plist;
				LD_RUNPATH_SEARCH_PATHS = "$(inherited) @executable_path/Frameworks @loader_path/Frameworks";
				PRODUCT_BUNDLE_IDENTIFIER = soufuru.Quiz2UITests;
				PRODUCT_NAME = "$(TARGET_NAME)";
				TEST_TARGET_NAME = Quiz2;
			};
			name = Release;
		};
/* End XCBuildConfiguration section */

/* Begin XCConfigurationList section */
		67DE56F31CDD6C02001F198A /* Build configuration list for PBXProject "Quiz2" */ = {
			isa = XCConfigurationList;
			buildConfigurations = (
				67DE571E1CDD6C02001F198A /* Debug */,
				67DE571F1CDD6C02001F198A /* Release */,
			);
			defaultConfigurationIsVisible = 0;
			defaultConfigurationName = Release;
		};
		67DE57201CDD6C02001F198A /* Build configuration list for PBXNativeTarget "Quiz2" */ = {
			isa = XCConfigurationList;
			buildConfigurations = (
				67DE57211CDD6C02001F198A /* Debug */,
				67DE57221CDD6C02001F198A /* Release */,
			);
			defaultConfigurationIsVisible = 0;
		};
		67DE57231CDD6C02001F198A /* Build configuration list for PBXNativeTarget "Quiz2Tests" */ = {
			isa = XCConfigurationList;
			buildConfigurations = (
				67DE57241CDD6C02001F198A /* Debug */,
				67DE57251CDD6C02001F198A /* Release */,
			);
			defaultConfigurationIsVisible = 0;
		};
		67DE57261CDD6C02001F198A /* Build configuration list for PBXNativeTarget "Quiz2UITests" */ = {
			isa = XCConfigurationList;
			buildConfigurations = (
				67DE57271CDD6C02001F198A /* Debug */,
				67DE57281CDD6C02001F198A /* Release */,
			);
			defaultConfigurationIsVisible = 0;
		};
/* End XCConfigurationList section */
	};
	rootObject = 67DE56F01CDD6C02001F198A /* Project object */;
}
